// !$*UTF8*$!
{
	archiveVersion = 1;
	classes = {
	};
	objectVersion = 50;
	objects = {

/* Begin PBXBuildFile section */
		252CC673256C53010031EB0F /* AppDelegate.swift in Sources */ = {isa = PBXBuildFile; fileRef = 252CC672256C53010031EB0F /* AppDelegate.swift */; };
		252CC675256C53010031EB0F /* SceneDelegate.swift in Sources */ = {isa = PBXBuildFile; fileRef = 252CC674256C53010031EB0F /* SceneDelegate.swift */; };
		252CC677256C53010031EB0F /* ViewController.swift in Sources */ = {isa = PBXBuildFile; fileRef = 252CC676256C53010031EB0F /* ViewController.swift */; };
		252CC67C256C53030031EB0F /* Assets.xcassets in Resources */ = {isa = PBXBuildFile; fileRef = 252CC67B256C53030031EB0F /* Assets.xcassets */; };
		252CC67F256C53030031EB0F /* LaunchScreen.storyboard in Resources */ = {isa = PBXBuildFile; fileRef = 252CC67D256C53030031EB0F /* LaunchScreen.storyboard */; };
		252CC68A256C53030031EB0F /* PokemonListLoaderTests.swift in Sources */ = {isa = PBXBuildFile; fileRef = 252CC689256C53030031EB0F /* PokemonListLoaderTests.swift */; };
		252CC6B2256C572B0031EB0F /* ListItem.swift in Sources */ = {isa = PBXBuildFile; fileRef = 252CC6B1256C572B0031EB0F /* ListItem.swift */; };
		255EC3A6256D00230045C2F1 /* HTTPClient.swift in Sources */ = {isa = PBXBuildFile; fileRef = 255EC3A5256D00230045C2F1 /* HTTPClient.swift */; };
		255EC3AC256D00420045C2F1 /* PokemonListLoader.swift in Sources */ = {isa = PBXBuildFile; fileRef = 255EC3AB256D00420045C2F1 /* PokemonListLoader.swift */; };
		255EC3B0256D47DB0045C2F1 /* ListItemsMapper.swift in Sources */ = {isa = PBXBuildFile; fileRef = 255EC3AF256D47DB0045C2F1 /* ListItemsMapper.swift */; };
		255EC3BB256D4B940045C2F1 /* ListLoader.swift in Sources */ = {isa = PBXBuildFile; fileRef = 255EC3BA256D4B940045C2F1 /* ListLoader.swift */; };
		255EC3BF256D53720045C2F1 /* URLSessionHTTPClientTests.swift in Sources */ = {isa = PBXBuildFile; fileRef = 255EC3BE256D53720045C2F1 /* URLSessionHTTPClientTests.swift */; };
		255EC3C3256D57EC0045C2F1 /* URLSessionHTTPClient.swift in Sources */ = {isa = PBXBuildFile; fileRef = 255EC3C2256D57EC0045C2F1 /* URLSessionHTTPClient.swift */; };
		255EC3C8256D589E0045C2F1 /* XCTestCase+Helper.swift in Sources */ = {isa = PBXBuildFile; fileRef = 255EC3C7256D589E0045C2F1 /* XCTestCase+Helper.swift */; };
/* End PBXBuildFile section */

/* Begin PBXContainerItemProxy section */
		252CC686256C53030031EB0F /* PBXContainerItemProxy */ = {
			isa = PBXContainerItemProxy;
			containerPortal = 252CC667256C53010031EB0F /* Project object */;
			proxyType = 1;
			remoteGlobalIDString = 252CC66E256C53010031EB0F;
			remoteInfo = Pokemon;
		};
/* End PBXContainerItemProxy section */

/* Begin PBXFileReference section */
		252CC66F256C53010031EB0F /* Pokemon.app */ = {isa = PBXFileReference; explicitFileType = wrapper.application; includeInIndex = 0; path = Pokemon.app; sourceTree = BUILT_PRODUCTS_DIR; };
		252CC672256C53010031EB0F /* AppDelegate.swift */ = {isa = PBXFileReference; lastKnownFileType = sourcecode.swift; path = AppDelegate.swift; sourceTree = "<group>"; };
		252CC674256C53010031EB0F /* SceneDelegate.swift */ = {isa = PBXFileReference; lastKnownFileType = sourcecode.swift; path = SceneDelegate.swift; sourceTree = "<group>"; };
		252CC676256C53010031EB0F /* ViewController.swift */ = {isa = PBXFileReference; lastKnownFileType = sourcecode.swift; path = ViewController.swift; sourceTree = "<group>"; };
		252CC67B256C53030031EB0F /* Assets.xcassets */ = {isa = PBXFileReference; lastKnownFileType = folder.assetcatalog; path = Assets.xcassets; sourceTree = "<group>"; };
		252CC67E256C53030031EB0F /* Base */ = {isa = PBXFileReference; lastKnownFileType = file.storyboard; name = Base; path = Base.lproj/LaunchScreen.storyboard; sourceTree = "<group>"; };
		252CC680256C53030031EB0F /* Info.plist */ = {isa = PBXFileReference; lastKnownFileType = text.plist.xml; path = Info.plist; sourceTree = "<group>"; };
		252CC685256C53030031EB0F /* PokemonTests.xctest */ = {isa = PBXFileReference; explicitFileType = wrapper.cfbundle; includeInIndex = 0; path = PokemonTests.xctest; sourceTree = BUILT_PRODUCTS_DIR; };
		252CC689256C53030031EB0F /* PokemonListLoaderTests.swift */ = {isa = PBXFileReference; lastKnownFileType = sourcecode.swift; path = PokemonListLoaderTests.swift; sourceTree = "<group>"; };
		252CC68B256C53030031EB0F /* Info.plist */ = {isa = PBXFileReference; lastKnownFileType = text.plist.xml; path = Info.plist; sourceTree = "<group>"; };
		252CC6B1256C572B0031EB0F /* ListItem.swift */ = {isa = PBXFileReference; lastKnownFileType = sourcecode.swift; path = ListItem.swift; sourceTree = "<group>"; };
		255EC3A5256D00230045C2F1 /* HTTPClient.swift */ = {isa = PBXFileReference; lastKnownFileType = sourcecode.swift; path = HTTPClient.swift; sourceTree = "<group>"; };
		255EC3AB256D00420045C2F1 /* PokemonListLoader.swift */ = {isa = PBXFileReference; lastKnownFileType = sourcecode.swift; path = PokemonListLoader.swift; sourceTree = "<group>"; };
		255EC3AF256D47DB0045C2F1 /* ListItemsMapper.swift */ = {isa = PBXFileReference; lastKnownFileType = sourcecode.swift; path = ListItemsMapper.swift; sourceTree = "<group>"; };
		255EC3BA256D4B940045C2F1 /* ListLoader.swift */ = {isa = PBXFileReference; lastKnownFileType = sourcecode.swift; path = ListLoader.swift; sourceTree = "<group>"; };
		255EC3BE256D53720045C2F1 /* URLSessionHTTPClientTests.swift */ = {isa = PBXFileReference; lastKnownFileType = sourcecode.swift; path = URLSessionHTTPClientTests.swift; sourceTree = "<group>"; };
		255EC3C2256D57EC0045C2F1 /* URLSessionHTTPClient.swift */ = {isa = PBXFileReference; lastKnownFileType = sourcecode.swift; path = URLSessionHTTPClient.swift; sourceTree = "<group>"; };
		255EC3C7256D589E0045C2F1 /* XCTestCase+Helper.swift */ = {isa = PBXFileReference; lastKnownFileType = sourcecode.swift; path = "XCTestCase+Helper.swift"; sourceTree = "<group>"; };
/* End PBXFileReference section */

/* Begin PBXFrameworksBuildPhase section */
		252CC66C256C53010031EB0F /* Frameworks */ = {
			isa = PBXFrameworksBuildPhase;
			buildActionMask = 2147483647;
			files = (
			);
			runOnlyForDeploymentPostprocessing = 0;
		};
		252CC682256C53030031EB0F /* Frameworks */ = {
			isa = PBXFrameworksBuildPhase;
			buildActionMask = 2147483647;
			files = (
			);
			runOnlyForDeploymentPostprocessing = 0;
		};
/* End PBXFrameworksBuildPhase section */

/* Begin PBXGroup section */
		252CC666256C53010031EB0F = {
			isa = PBXGroup;
			children = (
				252CC671256C53010031EB0F /* Pokemon */,
				252CC688256C53030031EB0F /* PokemonTests */,
				252CC670256C53010031EB0F /* Products */,
			);
			sourceTree = "<group>";
		};
		252CC670256C53010031EB0F /* Products */ = {
			isa = PBXGroup;
			children = (
				252CC66F256C53010031EB0F /* Pokemon.app */,
				252CC685256C53030031EB0F /* PokemonTests.xctest */,
			);
			name = Products;
			sourceTree = "<group>";
		};
		252CC671256C53010031EB0F /* Pokemon */ = {
			isa = PBXGroup;
			children = (
				255EC3A4256D00000045C2F1 /* API */,
				252CC6B0256C570A0031EB0F /* Domain */,
				252CC672256C53010031EB0F /* AppDelegate.swift */,
				252CC674256C53010031EB0F /* SceneDelegate.swift */,
				252CC676256C53010031EB0F /* ViewController.swift */,
				252CC67B256C53030031EB0F /* Assets.xcassets */,
				252CC67D256C53030031EB0F /* LaunchScreen.storyboard */,
				252CC680256C53030031EB0F /* Info.plist */,
			);
			path = Pokemon;
			sourceTree = "<group>";
		};
		252CC688256C53030031EB0F /* PokemonTests */ = {
			isa = PBXGroup;
			children = (
				255EC3C6256D58850045C2F1 /* Helper */,
				255EC3B3256D4B2C0045C2F1 /* ListAPI */,
				252CC68B256C53030031EB0F /* Info.plist */,
			);
			path = PokemonTests;
			sourceTree = "<group>";
		};
		252CC6B0256C570A0031EB0F /* Domain */ = {
			isa = PBXGroup;
			children = (
				252CC6B1256C572B0031EB0F /* ListItem.swift */,
				255EC3BA256D4B940045C2F1 /* ListLoader.swift */,
			);
			path = Domain;
			sourceTree = "<group>";
		};
		255EC3A4256D00000045C2F1 /* API */ = {
			isa = PBXGroup;
			children = (
				255EC3A5256D00230045C2F1 /* HTTPClient.swift */,
				255EC3AB256D00420045C2F1 /* PokemonListLoader.swift */,
				255EC3AF256D47DB0045C2F1 /* ListItemsMapper.swift */,
				255EC3C2256D57EC0045C2F1 /* URLSessionHTTPClient.swift */,
			);
			path = API;
			sourceTree = "<group>";
		};
		255EC3B3256D4B2C0045C2F1 /* ListAPI */ = {
			isa = PBXGroup;
			children = (
				252CC689256C53030031EB0F /* PokemonListLoaderTests.swift */,
				255EC3BE256D53720045C2F1 /* URLSessionHTTPClientTests.swift */,
			);
			path = ListAPI;
			sourceTree = "<group>";
		};
		255EC3C6256D58850045C2F1 /* Helper */ = {
			isa = PBXGroup;
			children = (
				255EC3C7256D589E0045C2F1 /* XCTestCase+Helper.swift */,
			);
			path = Helper;
			sourceTree = "<group>";
		};
/* End PBXGroup section */

/* Begin PBXNativeTarget section */
		252CC66E256C53010031EB0F /* Pokemon */ = {
			isa = PBXNativeTarget;
			buildConfigurationList = 252CC699256C53030031EB0F /* Build configuration list for PBXNativeTarget "Pokemon" */;
			buildPhases = (
				252CC66B256C53010031EB0F /* Sources */,
				252CC66C256C53010031EB0F /* Frameworks */,
				252CC66D256C53010031EB0F /* Resources */,
			);
			buildRules = (
			);
			dependencies = (
			);
			name = Pokemon;
			productName = Pokemon;
			productReference = 252CC66F256C53010031EB0F /* Pokemon.app */;
			productType = "com.apple.product-type.application";
		};
		252CC684256C53030031EB0F /* PokemonTests */ = {
			isa = PBXNativeTarget;
			buildConfigurationList = 252CC69C256C53030031EB0F /* Build configuration list for PBXNativeTarget "PokemonTests" */;
			buildPhases = (
				252CC681256C53030031EB0F /* Sources */,
				252CC682256C53030031EB0F /* Frameworks */,
				252CC683256C53030031EB0F /* Resources */,
			);
			buildRules = (
			);
			dependencies = (
				252CC687256C53030031EB0F /* PBXTargetDependency */,
			);
			name = PokemonTests;
			productName = PokemonTests;
			productReference = 252CC685256C53030031EB0F /* PokemonTests.xctest */;
			productType = "com.apple.product-type.bundle.unit-test";
		};
/* End PBXNativeTarget section */

/* Begin PBXProject section */
		252CC667256C53010031EB0F /* Project object */ = {
			isa = PBXProject;
			attributes = {
				LastSwiftUpdateCheck = 1230;
				LastUpgradeCheck = 1230;
				TargetAttributes = {
					252CC66E256C53010031EB0F = {
						CreatedOnToolsVersion = 12.3;
					};
					252CC684256C53030031EB0F = {
						CreatedOnToolsVersion = 12.3;
						TestTargetID = 252CC66E256C53010031EB0F;
					};
				};
			};
			buildConfigurationList = 252CC66A256C53010031EB0F /* Build configuration list for PBXProject "Pokemon" */;
			compatibilityVersion = "Xcode 9.3";
			developmentRegion = en;
			hasScannedForEncodings = 0;
			knownRegions = (
				en,
				Base,
			);
			mainGroup = 252CC666256C53010031EB0F;
			productRefGroup = 252CC670256C53010031EB0F /* Products */;
			projectDirPath = "";
			projectRoot = "";
			targets = (
				252CC66E256C53010031EB0F /* Pokemon */,
				252CC684256C53030031EB0F /* PokemonTests */,
			);
		};
/* End PBXProject section */

/* Begin PBXResourcesBuildPhase section */
		252CC66D256C53010031EB0F /* Resources */ = {
			isa = PBXResourcesBuildPhase;
			buildActionMask = 2147483647;
			files = (
				252CC67F256C53030031EB0F /* LaunchScreen.storyboard in Resources */,
				252CC67C256C53030031EB0F /* Assets.xcassets in Resources */,
			);
			runOnlyForDeploymentPostprocessing = 0;
		};
		252CC683256C53030031EB0F /* Resources */ = {
			isa = PBXResourcesBuildPhase;
			buildActionMask = 2147483647;
			files = (
			);
			runOnlyForDeploymentPostprocessing = 0;
		};
/* End PBXResourcesBuildPhase section */

/* Begin PBXSourcesBuildPhase section */
		252CC66B256C53010031EB0F /* Sources */ = {
			isa = PBXSourcesBuildPhase;
			buildActionMask = 2147483647;
			files = (
				252CC6B2256C572B0031EB0F /* ListItem.swift in Sources */,
				255EC3A6256D00230045C2F1 /* HTTPClient.swift in Sources */,
				255EC3AC256D00420045C2F1 /* PokemonListLoader.swift in Sources */,
				255EC3B0256D47DB0045C2F1 /* ListItemsMapper.swift in Sources */,
				252CC677256C53010031EB0F /* ViewController.swift in Sources */,
				252CC673256C53010031EB0F /* AppDelegate.swift in Sources */,
				255EC3BB256D4B940045C2F1 /* ListLoader.swift in Sources */,
				252CC675256C53010031EB0F /* SceneDelegate.swift in Sources */,
				255EC3C3256D57EC0045C2F1 /* URLSessionHTTPClient.swift in Sources */,
			);
			runOnlyForDeploymentPostprocessing = 0;
		};
		252CC681256C53030031EB0F /* Sources */ = {
			isa = PBXSourcesBuildPhase;
			buildActionMask = 2147483647;
			files = (
				252CC68A256C53030031EB0F /* PokemonListLoaderTests.swift in Sources */,
				255EC3BF256D53720045C2F1 /* URLSessionHTTPClientTests.swift in Sources */,
				255EC3C8256D589E0045C2F1 /* XCTestCase+Helper.swift in Sources */,
			);
			runOnlyForDeploymentPostprocessing = 0;
		};
/* End PBXSourcesBuildPhase section */

/* Begin PBXTargetDependency section */
		252CC687256C53030031EB0F /* PBXTargetDependency */ = {
			isa = PBXTargetDependency;
			target = 252CC66E256C53010031EB0F /* Pokemon */;
			targetProxy = 252CC686256C53030031EB0F /* PBXContainerItemProxy */;
		};
/* End PBXTargetDependency section */

/* Begin PBXVariantGroup section */
		252CC67D256C53030031EB0F /* LaunchScreen.storyboard */ = {
			isa = PBXVariantGroup;
			children = (
				252CC67E256C53030031EB0F /* Base */,
			);
			name = LaunchScreen.storyboard;
			sourceTree = "<group>";
		};
/* End PBXVariantGroup section */

/* Begin XCBuildConfiguration section */
		252CC697256C53030031EB0F /* Debug */ = {
			isa = XCBuildConfiguration;
			buildSettings = {
				ALWAYS_SEARCH_USER_PATHS = NO;
				CLANG_ANALYZER_NONNULL = YES;
				CLANG_ANALYZER_NUMBER_OBJECT_CONVERSION = YES_AGGRESSIVE;
				CLANG_CXX_LANGUAGE_STANDARD = "gnu++14";
				CLANG_CXX_LIBRARY = "libc++";
				CLANG_ENABLE_MODULES = YES;
				CLANG_ENABLE_OBJC_ARC = YES;
				CLANG_ENABLE_OBJC_WEAK = YES;
				CLANG_WARN_BLOCK_CAPTURE_AUTORELEASING = YES;
				CLANG_WARN_BOOL_CONVERSION = YES;
				CLANG_WARN_COMMA = YES;
				CLANG_WARN_CONSTANT_CONVERSION = YES;
				CLANG_WARN_DEPRECATED_OBJC_IMPLEMENTATIONS = YES;
				CLANG_WARN_DIRECT_OBJC_ISA_USAGE = YES_ERROR;
				CLANG_WARN_DOCUMENTATION_COMMENTS = YES;
				CLANG_WARN_EMPTY_BODY = YES;
				CLANG_WARN_ENUM_CONVERSION = YES;
				CLANG_WARN_INFINITE_RECURSION = YES;
				CLANG_WARN_INT_CONVERSION = YES;
				CLANG_WARN_NON_LITERAL_NULL_CONVERSION = YES;
				CLANG_WARN_OBJC_IMPLICIT_RETAIN_SELF = YES;
				CLANG_WARN_OBJC_LITERAL_CONVERSION = YES;
				CLANG_WARN_OBJC_ROOT_CLASS = YES_ERROR;
				CLANG_WARN_QUOTED_INCLUDE_IN_FRAMEWORK_HEADER = YES;
				CLANG_WARN_RANGE_LOOP_ANALYSIS = YES;
				CLANG_WARN_STRICT_PROTOTYPES = YES;
				CLANG_WARN_SUSPICIOUS_MOVE = YES;
				CLANG_WARN_UNGUARDED_AVAILABILITY = YES_AGGRESSIVE;
				CLANG_WARN_UNREACHABLE_CODE = YES;
				CLANG_WARN__DUPLICATE_METHOD_MATCH = YES;
				COPY_PHASE_STRIP = NO;
				DEBUG_INFORMATION_FORMAT = dwarf;
				ENABLE_STRICT_OBJC_MSGSEND = YES;
				ENABLE_TESTABILITY = YES;
				GCC_C_LANGUAGE_STANDARD = gnu11;
				GCC_DYNAMIC_NO_PIC = NO;
				GCC_NO_COMMON_BLOCKS = YES;
				GCC_OPTIMIZATION_LEVEL = 0;
				GCC_PREPROCESSOR_DEFINITIONS = (
					"DEBUG=1",
					"$(inherited)",
				);
				GCC_WARN_64_TO_32_BIT_CONVERSION = YES;
				GCC_WARN_ABOUT_RETURN_TYPE = YES_ERROR;
				GCC_WARN_UNDECLARED_SELECTOR = YES;
				GCC_WARN_UNINITIALIZED_AUTOS = YES_AGGRESSIVE;
				GCC_WARN_UNUSED_FUNCTION = YES;
				GCC_WARN_UNUSED_VARIABLE = YES;
				IPHONEOS_DEPLOYMENT_TARGET = 14.3;
				MTL_ENABLE_DEBUG_INFO = INCLUDE_SOURCE;
				MTL_FAST_MATH = YES;
				ONLY_ACTIVE_ARCH = YES;
				SDKROOT = iphoneos;
				SWIFT_ACTIVE_COMPILATION_CONDITIONS = DEBUG;
				SWIFT_OPTIMIZATION_LEVEL = "-Onone";
			};
			name = Debug;
		};
		252CC698256C53030031EB0F /* Release */ = {
			isa = XCBuildConfiguration;
			buildSettings = {
				ALWAYS_SEARCH_USER_PATHS = NO;
				CLANG_ANALYZER_NONNULL = YES;
				CLANG_ANALYZER_NUMBER_OBJECT_CONVERSION = YES_AGGRESSIVE;
				CLANG_CXX_LANGUAGE_STANDARD = "gnu++14";
				CLANG_CXX_LIBRARY = "libc++";
				CLANG_ENABLE_MODULES = YES;
				CLANG_ENABLE_OBJC_ARC = YES;
				CLANG_ENABLE_OBJC_WEAK = YES;
				CLANG_WARN_BLOCK_CAPTURE_AUTORELEASING = YES;
				CLANG_WARN_BOOL_CONVERSION = YES;
				CLANG_WARN_COMMA = YES;
				CLANG_WARN_CONSTANT_CONVERSION = YES;
				CLANG_WARN_DEPRECATED_OBJC_IMPLEMENTATIONS = YES;
				CLANG_WARN_DIRECT_OBJC_ISA_USAGE = YES_ERROR;
				CLANG_WARN_DOCUMENTATION_COMMENTS = YES;
				CLANG_WARN_EMPTY_BODY = YES;
				CLANG_WARN_ENUM_CONVERSION = YES;
				CLANG_WARN_INFINITE_RECURSION = YES;
				CLANG_WARN_INT_CONVERSION = YES;
				CLANG_WARN_NON_LITERAL_NULL_CONVERSION = YES;
				CLANG_WARN_OBJC_IMPLICIT_RETAIN_SELF = YES;
				CLANG_WARN_OBJC_LITERAL_CONVERSION = YES;
				CLANG_WARN_OBJC_ROOT_CLASS = YES_ERROR;
				CLANG_WARN_QUOTED_INCLUDE_IN_FRAMEWORK_HEADER = YES;
				CLANG_WARN_RANGE_LOOP_ANALYSIS = YES;
				CLANG_WARN_STRICT_PROTOTYPES = YES;
				CLANG_WARN_SUSPICIOUS_MOVE = YES;
				CLANG_WARN_UNGUARDED_AVAILABILITY = YES_AGGRESSIVE;
				CLANG_WARN_UNREACHABLE_CODE = YES;
				CLANG_WARN__DUPLICATE_METHOD_MATCH = YES;
				COPY_PHASE_STRIP = NO;
				DEBUG_INFORMATION_FORMAT = "dwarf-with-dsym";
				ENABLE_NS_ASSERTIONS = NO;
				ENABLE_STRICT_OBJC_MSGSEND = YES;
				GCC_C_LANGUAGE_STANDARD = gnu11;
				GCC_NO_COMMON_BLOCKS = YES;
				GCC_WARN_64_TO_32_BIT_CONVERSION = YES;
				GCC_WARN_ABOUT_RETURN_TYPE = YES_ERROR;
				GCC_WARN_UNDECLARED_SELECTOR = YES;
				GCC_WARN_UNINITIALIZED_AUTOS = YES_AGGRESSIVE;
				GCC_WARN_UNUSED_FUNCTION = YES;
				GCC_WARN_UNUSED_VARIABLE = YES;
				IPHONEOS_DEPLOYMENT_TARGET = 14.3;
				MTL_ENABLE_DEBUG_INFO = NO;
				MTL_FAST_MATH = YES;
				SDKROOT = iphoneos;
				SWIFT_COMPILATION_MODE = wholemodule;
				SWIFT_OPTIMIZATION_LEVEL = "-O";
				VALIDATE_PRODUCT = YES;
			};
			name = Release;
		};
		252CC69A256C53030031EB0F /* Debug */ = {
			isa = XCBuildConfiguration;
			buildSettings = {
				ASSETCATALOG_COMPILER_APPICON_NAME = AppIcon;
				ASSETCATALOG_COMPILER_GLOBAL_ACCENT_COLOR_NAME = AccentColor;
				CODE_SIGN_STYLE = Automatic;
				INFOPLIST_FILE = Pokemon/Info.plist;
				LD_RUNPATH_SEARCH_PATHS = (
					"$(inherited)",
					"@executable_path/Frameworks",
				);
				PRODUCT_BUNDLE_IDENTIFIER = com.fabio.cuomo.Pokemon;
				PRODUCT_NAME = "$(TARGET_NAME)";
				SWIFT_VERSION = 5.0;
				TARGETED_DEVICE_FAMILY = 1;
			};
			name = Debug;
		};
		252CC69B256C53030031EB0F /* Release */ = {
			isa = XCBuildConfiguration;
			buildSettings = {
				ASSETCATALOG_COMPILER_APPICON_NAME = AppIcon;
				ASSETCATALOG_COMPILER_GLOBAL_ACCENT_COLOR_NAME = AccentColor;
				CODE_SIGN_STYLE = Automatic;
				INFOPLIST_FILE = Pokemon/Info.plist;
				LD_RUNPATH_SEARCH_PATHS = (
					"$(inherited)",
					"@executable_path/Frameworks",
				);
				PRODUCT_BUNDLE_IDENTIFIER = com.fabio.cuomo.Pokemon;
				PRODUCT_NAME = "$(TARGET_NAME)";
				SWIFT_VERSION = 5.0;
				TARGETED_DEVICE_FAMILY = 1;
			};
			name = Release;
		};
		252CC69D256C53030031EB0F /* Debug */ = {
			isa = XCBuildConfiguration;
			buildSettings = {
				ALWAYS_EMBED_SWIFT_STANDARD_LIBRARIES = YES;
				BUNDLE_LOADER = "$(TEST_HOST)";
				CODE_SIGN_STYLE = Automatic;
				INFOPLIST_FILE = PokemonTests/Info.plist;
				IPHONEOS_DEPLOYMENT_TARGET = 14.3;
				LD_RUNPATH_SEARCH_PATHS = (
					"$(inherited)",
					"@executable_path/Frameworks",
					"@loader_path/Frameworks",
				);
				PRODUCT_BUNDLE_IDENTIFIER = com.fabio.cuomo.PokemonTests;
				PRODUCT_NAME = "$(TARGET_NAME)";
				SWIFT_VERSION = 5.0;
				TARGETED_DEVICE_FAMILY = "1,2";
				TEST_HOST = "$(BUILT_PRODUCTS_DIR)/Pokemon.app/Pokemon";
			};
			name = Debug;
		};
		252CC69E256C53030031EB0F /* Release */ = {
			isa = XCBuildConfiguration;
			buildSettings = {
				ALWAYS_EMBED_SWIFT_STANDARD_LIBRARIES = YES;
				BUNDLE_LOADER = "$(TEST_HOST)";
				CODE_SIGN_STYLE = Automatic;
				INFOPLIST_FILE = PokemonTests/Info.plist;
				IPHONEOS_DEPLOYMENT_TARGET = 14.3;
				LD_RUNPATH_SEARCH_PATHS = (
					"$(inherited)",
					"@executable_path/Frameworks",
					"@loader_path/Frameworks",
				);
				PRODUCT_BUNDLE_IDENTIFIER = com.fabio.cuomo.PokemonTests;
				PRODUCT_NAME = "$(TARGET_NAME)";
				SWIFT_VERSION = 5.0;
				TARGETED_DEVICE_FAMILY = "1,2";
				TEST_HOST = "$(BUILT_PRODUCTS_DIR)/Pokemon.app/Pokemon";
			};
			name = Release;
		};
/* End XCBuildConfiguration section */

/* Begin XCConfigurationList section */
		252CC66A256C53010031EB0F /* Build configuration list for PBXProject "Pokemon" */ = {
			isa = XCConfigurationList;
			buildConfigurations = (
				252CC697256C53030031EB0F /* Debug */,
				252CC698256C53030031EB0F /* Release */,
			);
			defaultConfigurationIsVisible = 0;
			defaultConfigurationName = Release;
		};
		252CC699256C53030031EB0F /* Build configuration list for PBXNativeTarget "Pokemon" */ = {
			isa = XCConfigurationList;
			buildConfigurations = (
				252CC69A256C53030031EB0F /* Debug */,
				252CC69B256C53030031EB0F /* Release */,
			);
			defaultConfigurationIsVisible = 0;
			defaultConfigurationName = Release;
		};
		252CC69C256C53030031EB0F /* Build configuration list for PBXNativeTarget "PokemonTests" */ = {
			isa = XCConfigurationList;
			buildConfigurations = (
				252CC69D256C53030031EB0F /* Debug */,
				252CC69E256C53030031EB0F /* Release */,
			);
			defaultConfigurationIsVisible = 0;
			defaultConfigurationName = Release;
		};
/* End XCConfigurationList section */
	};
	rootObject = 252CC667256C53010031EB0F /* Project object */;
}
