// !$*UTF8*$!
{
	archiveVersion = 1;
	classes = {
	};
	objectVersion = 51;
	objects = {

/* Begin PBXBuildFile section */
		19574760D5FD8D38EFA57E8C /* Pods_PokemonTests.framework in Frameworks */ = {isa = PBXBuildFile; fileRef = 6F24D45F23EE4DFB9F2B96A9 /* Pods_PokemonTests.framework */; };
		252CC673256C53010031EB0F /* AppDelegate.swift in Sources */ = {isa = PBXBuildFile; fileRef = 252CC672256C53010031EB0F /* AppDelegate.swift */; };
		252CC677256C53010031EB0F /* ListViewController.swift in Sources */ = {isa = PBXBuildFile; fileRef = 252CC676256C53010031EB0F /* ListViewController.swift */; };
		252CC67C256C53030031EB0F /* Assets.xcassets in Resources */ = {isa = PBXBuildFile; fileRef = 252CC67B256C53030031EB0F /* Assets.xcassets */; };
		252CC67F256C53030031EB0F /* LaunchScreen.storyboard in Resources */ = {isa = PBXBuildFile; fileRef = 252CC67D256C53030031EB0F /* LaunchScreen.storyboard */; };
		252CC68A256C53030031EB0F /* PokemonListLoaderTests.swift in Sources */ = {isa = PBXBuildFile; fileRef = 252CC689256C53030031EB0F /* PokemonListLoaderTests.swift */; };
		252CC6B2256C572B0031EB0F /* ListItem.swift in Sources */ = {isa = PBXBuildFile; fileRef = 252CC6B1256C572B0031EB0F /* ListItem.swift */; };
		255EC3A6256D00230045C2F1 /* HTTPClient.swift in Sources */ = {isa = PBXBuildFile; fileRef = 255EC3A5256D00230045C2F1 /* HTTPClient.swift */; };
		255EC3AC256D00420045C2F1 /* PokemonListLoader.swift in Sources */ = {isa = PBXBuildFile; fileRef = 255EC3AB256D00420045C2F1 /* PokemonListLoader.swift */; };
		255EC3B0256D47DB0045C2F1 /* ListItemsMapper.swift in Sources */ = {isa = PBXBuildFile; fileRef = 255EC3AF256D47DB0045C2F1 /* ListItemsMapper.swift */; };
		255EC3BB256D4B940045C2F1 /* ListLoader.swift in Sources */ = {isa = PBXBuildFile; fileRef = 255EC3BA256D4B940045C2F1 /* ListLoader.swift */; };
		255EC3BF256D53720045C2F1 /* URLSessionHTTPClientTests.swift in Sources */ = {isa = PBXBuildFile; fileRef = 255EC3BE256D53720045C2F1 /* URLSessionHTTPClientTests.swift */; };
		255EC3C3256D57EC0045C2F1 /* URLSessionHTTPClient.swift in Sources */ = {isa = PBXBuildFile; fileRef = 255EC3C2256D57EC0045C2F1 /* URLSessionHTTPClient.swift */; };
		255EC3C8256D589E0045C2F1 /* XCTestCase+Helper.swift in Sources */ = {isa = PBXBuildFile; fileRef = 255EC3C7256D589E0045C2F1 /* XCTestCase+Helper.swift */; };
		255EC3D1256E80E10045C2F1 /* ListViewModelTests.swift in Sources */ = {isa = PBXBuildFile; fileRef = 255EC3D0256E80E10045C2F1 /* ListViewModelTests.swift */; };
		25EA3103256FE3F200AA6C52 /* ListViewModel.swift in Sources */ = {isa = PBXBuildFile; fileRef = 25EA3102256FE3F200AA6C52 /* ListViewModel.swift */; };
		25EA3107256FE50A00AA6C52 /* ListItemTableViewCell.swift in Sources */ = {isa = PBXBuildFile; fileRef = 25EA3106256FE50A00AA6C52 /* ListItemTableViewCell.swift */; };
		25EA310C256FE5EE00AA6C52 /* UIImage+Downloader.swift in Sources */ = {isa = PBXBuildFile; fileRef = 25EA310B256FE5EE00AA6C52 /* UIImage+Downloader.swift */; };
		25EA3110256FE65800AA6C52 /* UIViewController+Alert.swift in Sources */ = {isa = PBXBuildFile; fileRef = 25EA310F256FE65800AA6C52 /* UIViewController+Alert.swift */; };
		25EA31222570531500AA6C52 /* DetailItem.swift in Sources */ = {isa = PBXBuildFile; fileRef = 25EA31212570531500AA6C52 /* DetailItem.swift */; };
		25EA31262570553C00AA6C52 /* PokemonDetailLoader.swift in Sources */ = {isa = PBXBuildFile; fileRef = 25EA31252570553C00AA6C52 /* PokemonDetailLoader.swift */; };
		25EA312A2570555700AA6C52 /* DetailLoader.swift in Sources */ = {isa = PBXBuildFile; fileRef = 25EA31292570555700AA6C52 /* DetailLoader.swift */; };
		25EA312E257055CA00AA6C52 /* DetailItemMapper.swift in Sources */ = {isa = PBXBuildFile; fileRef = 25EA312D257055CA00AA6C52 /* DetailItemMapper.swift */; };
		25EA31342570599C00AA6C52 /* PokemonDetailLoaderTests.swift in Sources */ = {isa = PBXBuildFile; fileRef = 25EA31332570599C00AA6C52 /* PokemonDetailLoaderTests.swift */; };
		25EA3138257064A900AA6C52 /* HTTPClientSpy.swift in Sources */ = {isa = PBXBuildFile; fileRef = 25EA3137257064A900AA6C52 /* HTTPClientSpy.swift */; };
		60F85B0E524DBDB1BC45AC22 /* Pods_Pokemon.framework in Frameworks */ = {isa = PBXBuildFile; fileRef = CD7A25BC389FF759D844AE60 /* Pods_Pokemon.framework */; };
/* End PBXBuildFile section */

/* Begin PBXContainerItemProxy section */
		252CC686256C53030031EB0F /* PBXContainerItemProxy */ = {
			isa = PBXContainerItemProxy;
			containerPortal = 252CC667256C53010031EB0F /* Project object */;
			proxyType = 1;
			remoteGlobalIDString = 252CC66E256C53010031EB0F;
			remoteInfo = Pokemon;
		};
/* End PBXContainerItemProxy section */

/* Begin PBXFileReference section */
		07F72BB7EC71C33D37D36A07 /* Pods-Pokemon.debug.xcconfig */ = {isa = PBXFileReference; includeInIndex = 1; lastKnownFileType = text.xcconfig; name = "Pods-Pokemon.debug.xcconfig"; path = "Target Support Files/Pods-Pokemon/Pods-Pokemon.debug.xcconfig"; sourceTree = "<group>"; };
		252CC66F256C53010031EB0F /* Pokemon.app */ = {isa = PBXFileReference; explicitFileType = wrapper.application; includeInIndex = 0; path = Pokemon.app; sourceTree = BUILT_PRODUCTS_DIR; };
		252CC672256C53010031EB0F /* AppDelegate.swift */ = {isa = PBXFileReference; lastKnownFileType = sourcecode.swift; path = AppDelegate.swift; sourceTree = "<group>"; };
		252CC676256C53010031EB0F /* ListViewController.swift */ = {isa = PBXFileReference; lastKnownFileType = sourcecode.swift; path = ListViewController.swift; sourceTree = "<group>"; };
		252CC67B256C53030031EB0F /* Assets.xcassets */ = {isa = PBXFileReference; lastKnownFileType = folder.assetcatalog; path = Assets.xcassets; sourceTree = "<group>"; };
		252CC67E256C53030031EB0F /* Base */ = {isa = PBXFileReference; lastKnownFileType = file.storyboard; name = Base; path = Base.lproj/LaunchScreen.storyboard; sourceTree = "<group>"; };
		252CC680256C53030031EB0F /* Info.plist */ = {isa = PBXFileReference; lastKnownFileType = text.plist.xml; path = Info.plist; sourceTree = "<group>"; };
		252CC685256C53030031EB0F /* PokemonTests.xctest */ = {isa = PBXFileReference; explicitFileType = wrapper.cfbundle; includeInIndex = 0; path = PokemonTests.xctest; sourceTree = BUILT_PRODUCTS_DIR; };
		252CC689256C53030031EB0F /* PokemonListLoaderTests.swift */ = {isa = PBXFileReference; lastKnownFileType = sourcecode.swift; path = PokemonListLoaderTests.swift; sourceTree = "<group>"; };
		252CC68B256C53030031EB0F /* Info.plist */ = {isa = PBXFileReference; lastKnownFileType = text.plist.xml; path = Info.plist; sourceTree = "<group>"; };
		252CC6B1256C572B0031EB0F /* ListItem.swift */ = {isa = PBXFileReference; lastKnownFileType = sourcecode.swift; path = ListItem.swift; sourceTree = "<group>"; };
		255EC3A5256D00230045C2F1 /* HTTPClient.swift */ = {isa = PBXFileReference; lastKnownFileType = sourcecode.swift; path = HTTPClient.swift; sourceTree = "<group>"; };
		255EC3AB256D00420045C2F1 /* PokemonListLoader.swift */ = {isa = PBXFileReference; lastKnownFileType = sourcecode.swift; path = PokemonListLoader.swift; sourceTree = "<group>"; };
		255EC3AF256D47DB0045C2F1 /* ListItemsMapper.swift */ = {isa = PBXFileReference; lastKnownFileType = sourcecode.swift; path = ListItemsMapper.swift; sourceTree = "<group>"; };
		255EC3BA256D4B940045C2F1 /* ListLoader.swift */ = {isa = PBXFileReference; lastKnownFileType = sourcecode.swift; path = ListLoader.swift; sourceTree = "<group>"; };
		255EC3BE256D53720045C2F1 /* URLSessionHTTPClientTests.swift */ = {isa = PBXFileReference; lastKnownFileType = sourcecode.swift; path = URLSessionHTTPClientTests.swift; sourceTree = "<group>"; };
		255EC3C2256D57EC0045C2F1 /* URLSessionHTTPClient.swift */ = {isa = PBXFileReference; lastKnownFileType = sourcecode.swift; path = URLSessionHTTPClient.swift; sourceTree = "<group>"; };
		255EC3C7256D589E0045C2F1 /* XCTestCase+Helper.swift */ = {isa = PBXFileReference; lastKnownFileType = sourcecode.swift; path = "XCTestCase+Helper.swift"; sourceTree = "<group>"; };
		255EC3D0256E80E10045C2F1 /* ListViewModelTests.swift */ = {isa = PBXFileReference; lastKnownFileType = sourcecode.swift; path = ListViewModelTests.swift; sourceTree = "<group>"; };
		25EA3102256FE3F200AA6C52 /* ListViewModel.swift */ = {isa = PBXFileReference; lastKnownFileType = sourcecode.swift; path = ListViewModel.swift; sourceTree = "<group>"; };
		25EA3106256FE50A00AA6C52 /* ListItemTableViewCell.swift */ = {isa = PBXFileReference; lastKnownFileType = sourcecode.swift; path = ListItemTableViewCell.swift; sourceTree = "<group>"; };
		25EA310B256FE5EE00AA6C52 /* UIImage+Downloader.swift */ = {isa = PBXFileReference; lastKnownFileType = sourcecode.swift; path = "UIImage+Downloader.swift"; sourceTree = "<group>"; };
		25EA310F256FE65800AA6C52 /* UIViewController+Alert.swift */ = {isa = PBXFileReference; lastKnownFileType = sourcecode.swift; path = "UIViewController+Alert.swift"; sourceTree = "<group>"; };
		25EA31212570531500AA6C52 /* DetailItem.swift */ = {isa = PBXFileReference; lastKnownFileType = sourcecode.swift; path = DetailItem.swift; sourceTree = "<group>"; };
		25EA31252570553C00AA6C52 /* PokemonDetailLoader.swift */ = {isa = PBXFileReference; lastKnownFileType = sourcecode.swift; path = PokemonDetailLoader.swift; sourceTree = "<group>"; };
		25EA31292570555700AA6C52 /* DetailLoader.swift */ = {isa = PBXFileReference; lastKnownFileType = sourcecode.swift; path = DetailLoader.swift; sourceTree = "<group>"; };
		25EA312D257055CA00AA6C52 /* DetailItemMapper.swift */ = {isa = PBXFileReference; lastKnownFileType = sourcecode.swift; path = DetailItemMapper.swift; sourceTree = "<group>"; };
		25EA31332570599C00AA6C52 /* PokemonDetailLoaderTests.swift */ = {isa = PBXFileReference; lastKnownFileType = sourcecode.swift; path = PokemonDetailLoaderTests.swift; sourceTree = "<group>"; };
		25EA3137257064A900AA6C52 /* HTTPClientSpy.swift */ = {isa = PBXFileReference; lastKnownFileType = sourcecode.swift; path = HTTPClientSpy.swift; sourceTree = "<group>"; };
		6F24D45F23EE4DFB9F2B96A9 /* Pods_PokemonTests.framework */ = {isa = PBXFileReference; explicitFileType = wrapper.framework; includeInIndex = 0; path = Pods_PokemonTests.framework; sourceTree = BUILT_PRODUCTS_DIR; };
		79FE03FB8081D521E3E1C306 /* Pods-PokemonTests.release.xcconfig */ = {isa = PBXFileReference; includeInIndex = 1; lastKnownFileType = text.xcconfig; name = "Pods-PokemonTests.release.xcconfig"; path = "Target Support Files/Pods-PokemonTests/Pods-PokemonTests.release.xcconfig"; sourceTree = "<group>"; };
		ADC3F49008C32F550AAA97B8 /* Pods-PokemonTests.debug.xcconfig */ = {isa = PBXFileReference; includeInIndex = 1; lastKnownFileType = text.xcconfig; name = "Pods-PokemonTests.debug.xcconfig"; path = "Target Support Files/Pods-PokemonTests/Pods-PokemonTests.debug.xcconfig"; sourceTree = "<group>"; };
		CD7A25BC389FF759D844AE60 /* Pods_Pokemon.framework */ = {isa = PBXFileReference; explicitFileType = wrapper.framework; includeInIndex = 0; path = Pods_Pokemon.framework; sourceTree = BUILT_PRODUCTS_DIR; };
		DE36AEB269BA7AA306D38AFB /* Pods-Pokemon.release.xcconfig */ = {isa = PBXFileReference; includeInIndex = 1; lastKnownFileType = text.xcconfig; name = "Pods-Pokemon.release.xcconfig"; path = "Target Support Files/Pods-Pokemon/Pods-Pokemon.release.xcconfig"; sourceTree = "<group>"; };
/* End PBXFileReference section */

/* Begin PBXFrameworksBuildPhase section */
		252CC66C256C53010031EB0F /* Frameworks */ = {
			isa = PBXFrameworksBuildPhase;
			buildActionMask = 2147483647;
			files = (
				60F85B0E524DBDB1BC45AC22 /* Pods_Pokemon.framework in Frameworks */,
			);
			runOnlyForDeploymentPostprocessing = 0;
		};
		252CC682256C53030031EB0F /* Frameworks */ = {
			isa = PBXFrameworksBuildPhase;
			buildActionMask = 2147483647;
			files = (
				19574760D5FD8D38EFA57E8C /* Pods_PokemonTests.framework in Frameworks */,
			);
			runOnlyForDeploymentPostprocessing = 0;
		};
/* End PBXFrameworksBuildPhase section */

/* Begin PBXGroup section */
		195B66358C4FA13451168232 /* Frameworks */ = {
			isa = PBXGroup;
			children = (
				CD7A25BC389FF759D844AE60 /* Pods_Pokemon.framework */,
				6F24D45F23EE4DFB9F2B96A9 /* Pods_PokemonTests.framework */,
			);
			name = Frameworks;
			sourceTree = "<group>";
		};
		252CC666256C53010031EB0F = {
			isa = PBXGroup;
			children = (
				252CC671256C53010031EB0F /* Pokemon */,
				252CC688256C53030031EB0F /* PokemonTests */,
				252CC670256C53010031EB0F /* Products */,
				CA68AC3DB192096A4FF27BF3 /* Pods */,
				195B66358C4FA13451168232 /* Frameworks */,
			);
			sourceTree = "<group>";
		};
		252CC670256C53010031EB0F /* Products */ = {
			isa = PBXGroup;
			children = (
				252CC66F256C53010031EB0F /* Pokemon.app */,
				252CC685256C53030031EB0F /* PokemonTests.xctest */,
			);
			name = Products;
			sourceTree = "<group>";
		};
		252CC671256C53010031EB0F /* Pokemon */ = {
			isa = PBXGroup;
			children = (
				25EA310A256FE5D700AA6C52 /* Extension */,
				25EA30F6256FE29900AA6C52 /* List */,
				255EC3A4256D00000045C2F1 /* API */,
				252CC6B0256C570A0031EB0F /* Domain */,
				252CC672256C53010031EB0F /* AppDelegate.swift */,
				252CC67B256C53030031EB0F /* Assets.xcassets */,
				252CC67D256C53030031EB0F /* LaunchScreen.storyboard */,
				252CC680256C53030031EB0F /* Info.plist */,
			);
			path = Pokemon;
			sourceTree = "<group>";
		};
		252CC688256C53030031EB0F /* PokemonTests */ = {
			isa = PBXGroup;
			children = (
				255EC3C6256D58850045C2F1 /* Helper */,
				255EC3B3256D4B2C0045C2F1 /* API */,
				255EC3CF256E80B20045C2F1 /* ListFeature */,
				252CC68B256C53030031EB0F /* Info.plist */,
			);
			path = PokemonTests;
			sourceTree = "<group>";
		};
		252CC6B0256C570A0031EB0F /* Domain */ = {
			isa = PBXGroup;
			children = (
				252CC6B1256C572B0031EB0F /* ListItem.swift */,
				255EC3BA256D4B940045C2F1 /* ListLoader.swift */,
				25EA31212570531500AA6C52 /* DetailItem.swift */,
				25EA31292570555700AA6C52 /* DetailLoader.swift */,
			);
			path = Domain;
			sourceTree = "<group>";
		};
		255EC3A4256D00000045C2F1 /* API */ = {
			isa = PBXGroup;
			children = (
				255EC3A5256D00230045C2F1 /* HTTPClient.swift */,
				255EC3AB256D00420045C2F1 /* PokemonListLoader.swift */,
				255EC3AF256D47DB0045C2F1 /* ListItemsMapper.swift */,
				255EC3C2256D57EC0045C2F1 /* URLSessionHTTPClient.swift */,
				25EA31252570553C00AA6C52 /* PokemonDetailLoader.swift */,
				25EA312D257055CA00AA6C52 /* DetailItemMapper.swift */,
			);
			path = API;
			sourceTree = "<group>";
		};
		255EC3B3256D4B2C0045C2F1 /* API */ = {
			isa = PBXGroup;
			children = (
				252CC689256C53030031EB0F /* PokemonListLoaderTests.swift */,
				255EC3BE256D53720045C2F1 /* URLSessionHTTPClientTests.swift */,
				25EA31332570599C00AA6C52 /* PokemonDetailLoaderTests.swift */,
			);
			path = API;
			sourceTree = "<group>";
		};
		255EC3C6256D58850045C2F1 /* Helper */ = {
			isa = PBXGroup;
			children = (
				255EC3C7256D589E0045C2F1 /* XCTestCase+Helper.swift */,
				25EA3137257064A900AA6C52 /* HTTPClientSpy.swift */,
			);
			path = Helper;
			sourceTree = "<group>";
		};
		255EC3CF256E80B20045C2F1 /* ListFeature */ = {
			isa = PBXGroup;
			children = (
				255EC3D0256E80E10045C2F1 /* ListViewModelTests.swift */,
			);
			path = ListFeature;
			sourceTree = "<group>";
		};
		25EA30F6256FE29900AA6C52 /* List */ = {
			isa = PBXGroup;
			children = (
				252CC676256C53010031EB0F /* ListViewController.swift */,
				25EA3102256FE3F200AA6C52 /* ListViewModel.swift */,
				25EA3106256FE50A00AA6C52 /* ListItemTableViewCell.swift */,
			);
			path = List;
			sourceTree = "<group>";
		};
		25EA310A256FE5D700AA6C52 /* Extension */ = {
			isa = PBXGroup;
			children = (
				25EA310B256FE5EE00AA6C52 /* UIImage+Downloader.swift */,
				25EA310F256FE65800AA6C52 /* UIViewController+Alert.swift */,
			);
			path = Extension;
			sourceTree = "<group>";
		};
		CA68AC3DB192096A4FF27BF3 /* Pods */ = {
			isa = PBXGroup;
			children = (
				07F72BB7EC71C33D37D36A07 /* Pods-Pokemon.debug.xcconfig */,
				DE36AEB269BA7AA306D38AFB /* Pods-Pokemon.release.xcconfig */,
				ADC3F49008C32F550AAA97B8 /* Pods-PokemonTests.debug.xcconfig */,
				79FE03FB8081D521E3E1C306 /* Pods-PokemonTests.release.xcconfig */,
			);
			path = Pods;
			sourceTree = "<group>";
		};
/* End PBXGroup section */

/* Begin PBXNativeTarget section */
		252CC66E256C53010031EB0F /* Pokemon */ = {
			isa = PBXNativeTarget;
			buildConfigurationList = 252CC699256C53030031EB0F /* Build configuration list for PBXNativeTarget "Pokemon" */;
			buildPhases = (
				8F6B1B5386F382A9F3054883 /* [CP] Check Pods Manifest.lock */,
				252CC66B256C53010031EB0F /* Sources */,
				252CC66C256C53010031EB0F /* Frameworks */,
				252CC66D256C53010031EB0F /* Resources */,
				8FB3D3A15FFF323F5557D18E /* [CP] Embed Pods Frameworks */,
			);
			buildRules = (
			);
			dependencies = (
			);
			name = Pokemon;
			productName = Pokemon;
			productReference = 252CC66F256C53010031EB0F /* Pokemon.app */;
			productType = "com.apple.product-type.application";
		};
		252CC684256C53030031EB0F /* PokemonTests */ = {
			isa = PBXNativeTarget;
			buildConfigurationList = 252CC69C256C53030031EB0F /* Build configuration list for PBXNativeTarget "PokemonTests" */;
			buildPhases = (
				680A80195AD5B69FCFC78881 /* [CP] Check Pods Manifest.lock */,
				252CC681256C53030031EB0F /* Sources */,
				252CC682256C53030031EB0F /* Frameworks */,
				252CC683256C53030031EB0F /* Resources */,
			);
			buildRules = (
			);
			dependencies = (
				252CC687256C53030031EB0F /* PBXTargetDependency */,
			);
			name = PokemonTests;
			productName = PokemonTests;
			productReference = 252CC685256C53030031EB0F /* PokemonTests.xctest */;
			productType = "com.apple.product-type.bundle.unit-test";
		};
/* End PBXNativeTarget section */

/* Begin PBXProject section */
		252CC667256C53010031EB0F /* Project object */ = {
			isa = PBXProject;
			attributes = {
				LastSwiftUpdateCheck = 1230;
				LastUpgradeCheck = 1230;
				TargetAttributes = {
					252CC66E256C53010031EB0F = {
						CreatedOnToolsVersion = 12.3;
					};
					252CC684256C53030031EB0F = {
						CreatedOnToolsVersion = 12.3;
						TestTargetID = 252CC66E256C53010031EB0F;
					};
				};
			};
			buildConfigurationList = 252CC66A256C53010031EB0F /* Build configuration list for PBXProject "Pokemon" */;
			compatibilityVersion = "Xcode 9.3";
			developmentRegion = en;
			hasScannedForEncodings = 0;
			knownRegions = (
				en,
				Base,
			);
			mainGroup = 252CC666256C53010031EB0F;
			productRefGroup = 252CC670256C53010031EB0F /* Products */;
			projectDirPath = "";
			projectRoot = "";
			targets = (
				252CC66E256C53010031EB0F /* Pokemon */,
				252CC684256C53030031EB0F /* PokemonTests */,
			);
		};
/* End PBXProject section */

/* Begin PBXResourcesBuildPhase section */
		252CC66D256C53010031EB0F /* Resources */ = {
			isa = PBXResourcesBuildPhase;
			buildActionMask = 2147483647;
			files = (
				252CC67F256C53030031EB0F /* LaunchScreen.storyboard in Resources */,
				252CC67C256C53030031EB0F /* Assets.xcassets in Resources */,
			);
			runOnlyForDeploymentPostprocessing = 0;
		};
		252CC683256C53030031EB0F /* Resources */ = {
			isa = PBXResourcesBuildPhase;
			buildActionMask = 2147483647;
			files = (
			);
			runOnlyForDeploymentPostprocessing = 0;
		};
/* End PBXResourcesBuildPhase section */

/* Begin PBXShellScriptBuildPhase section */
		680A80195AD5B69FCFC78881 /* [CP] Check Pods Manifest.lock */ = {
			isa = PBXShellScriptBuildPhase;
			buildActionMask = 2147483647;
			files = (
			);
			inputFileListPaths = (
			);
			inputPaths = (
				"${PODS_PODFILE_DIR_PATH}/Podfile.lock",
				"${PODS_ROOT}/Manifest.lock",
			);
			name = "[CP] Check Pods Manifest.lock";
			outputFileListPaths = (
			);
			outputPaths = (
				"$(DERIVED_FILE_DIR)/Pods-PokemonTests-checkManifestLockResult.txt",
			);
			runOnlyForDeploymentPostprocessing = 0;
			shellPath = /bin/sh;
			shellScript = "diff \"${PODS_PODFILE_DIR_PATH}/Podfile.lock\" \"${PODS_ROOT}/Manifest.lock\" > /dev/null\nif [ $? != 0 ] ; then\n    # print error to STDERR\n    echo \"error: The sandbox is not in sync with the Podfile.lock. Run 'pod install' or update your CocoaPods installation.\" >&2\n    exit 1\nfi\n# This output is used by Xcode 'outputs' to avoid re-running this script phase.\necho \"SUCCESS\" > \"${SCRIPT_OUTPUT_FILE_0}\"\n";
			showEnvVarsInLog = 0;
		};
		8F6B1B5386F382A9F3054883 /* [CP] Check Pods Manifest.lock */ = {
			isa = PBXShellScriptBuildPhase;
			buildActionMask = 2147483647;
			files = (
			);
			inputFileListPaths = (
			);
			inputPaths = (
				"${PODS_PODFILE_DIR_PATH}/Podfile.lock",
				"${PODS_ROOT}/Manifest.lock",
			);
			name = "[CP] Check Pods Manifest.lock";
			outputFileListPaths = (
			);
			outputPaths = (
				"$(DERIVED_FILE_DIR)/Pods-Pokemon-checkManifestLockResult.txt",
			);
			runOnlyForDeploymentPostprocessing = 0;
			shellPath = /bin/sh;
			shellScript = "diff \"${PODS_PODFILE_DIR_PATH}/Podfile.lock\" \"${PODS_ROOT}/Manifest.lock\" > /dev/null\nif [ $? != 0 ] ; then\n    # print error to STDERR\n    echo \"error: The sandbox is not in sync with the Podfile.lock. Run 'pod install' or update your CocoaPods installation.\" >&2\n    exit 1\nfi\n# This output is used by Xcode 'outputs' to avoid re-running this script phase.\necho \"SUCCESS\" > \"${SCRIPT_OUTPUT_FILE_0}\"\n";
			showEnvVarsInLog = 0;
		};
		8FB3D3A15FFF323F5557D18E /* [CP] Embed Pods Frameworks */ = {
			isa = PBXShellScriptBuildPhase;
			buildActionMask = 2147483647;
			files = (
			);
			inputFileListPaths = (
				"${PODS_ROOT}/Target Support Files/Pods-Pokemon/Pods-Pokemon-frameworks-${CONFIGURATION}-input-files.xcfilelist",
			);
			name = "[CP] Embed Pods Frameworks";
			outputFileListPaths = (
				"${PODS_ROOT}/Target Support Files/Pods-Pokemon/Pods-Pokemon-frameworks-${CONFIGURATION}-output-files.xcfilelist",
			);
			runOnlyForDeploymentPostprocessing = 0;
			shellPath = /bin/sh;
			shellScript = "\"${PODS_ROOT}/Target Support Files/Pods-Pokemon/Pods-Pokemon-frameworks.sh\"\n";
			showEnvVarsInLog = 0;
		};
/* End PBXShellScriptBuildPhase section */

/* Begin PBXSourcesBuildPhase section */
		252CC66B256C53010031EB0F /* Sources */ = {
			isa = PBXSourcesBuildPhase;
			buildActionMask = 2147483647;
			files = (
				25EA3103256FE3F200AA6C52 /* ListViewModel.swift in Sources */,
				25EA31222570531500AA6C52 /* DetailItem.swift in Sources */,
				252CC6B2256C572B0031EB0F /* ListItem.swift in Sources */,
				25EA310C256FE5EE00AA6C52 /* UIImage+Downloader.swift in Sources */,
				25EA3110256FE65800AA6C52 /* UIViewController+Alert.swift in Sources */,
				255EC3A6256D00230045C2F1 /* HTTPClient.swift in Sources */,
				255EC3AC256D00420045C2F1 /* PokemonListLoader.swift in Sources */,
				255EC3B0256D47DB0045C2F1 /* ListItemsMapper.swift in Sources */,
				25EA312E257055CA00AA6C52 /* DetailItemMapper.swift in Sources */,
				252CC677256C53010031EB0F /* ListViewController.swift in Sources */,
				252CC673256C53010031EB0F /* AppDelegate.swift in Sources */,
				25EA312A2570555700AA6C52 /* DetailLoader.swift in Sources */,
				255EC3BB256D4B940045C2F1 /* ListLoader.swift in Sources */,
				25EA3107256FE50A00AA6C52 /* ListItemTableViewCell.swift in Sources */,
				255EC3C3256D57EC0045C2F1 /* URLSessionHTTPClient.swift in Sources */,
				25EA31262570553C00AA6C52 /* PokemonDetailLoader.swift in Sources */,
			);
			runOnlyForDeploymentPostprocessing = 0;
		};
		252CC681256C53030031EB0F /* Sources */ = {
			isa = PBXSourcesBuildPhase;
			buildActionMask = 2147483647;
			files = (
				252CC68A256C53030031EB0F /* PokemonListLoaderTests.swift in Sources */,
				25EA3138257064A900AA6C52 /* HTTPClientSpy.swift in Sources */,
				255EC3BF256D53720045C2F1 /* URLSessionHTTPClientTests.swift in Sources */,
				255EC3D1256E80E10045C2F1 /* ListViewModelTests.swift in Sources */,
				25EA31342570599C00AA6C52 /* PokemonDetailLoaderTests.swift in Sources */,
				255EC3C8256D589E0045C2F1 /* XCTestCase+Helper.swift in Sources */,
			);
			runOnlyForDeploymentPostprocessing = 0;
		};
/* End PBXSourcesBuildPhase section */

/* Begin PBXTargetDependency section */
		252CC687256C53030031EB0F /* PBXTargetDependency */ = {
			isa = PBXTargetDependency;
			target = 252CC66E256C53010031EB0F /* Pokemon */;
			targetProxy = 252CC686256C53030031EB0F /* PBXContainerItemProxy */;
		};
/* End PBXTargetDependency section */

/* Begin PBXVariantGroup section */
		252CC67D256C53030031EB0F /* LaunchScreen.storyboard */ = {
			isa = PBXVariantGroup;
			children = (
				252CC67E256C53030031EB0F /* Base */,
			);
			name = LaunchScreen.storyboard;
			sourceTree = "<group>";
		};
/* End PBXVariantGroup section */

/* Begin XCBuildConfiguration section */
		252CC697256C53030031EB0F /* Debug */ = {
			isa = XCBuildConfiguration;
			buildSettings = {
				ALWAYS_SEARCH_USER_PATHS = NO;
				CLANG_ANALYZER_NONNULL = YES;
				CLANG_ANALYZER_NUMBER_OBJECT_CONVERSION = YES_AGGRESSIVE;
				CLANG_CXX_LANGUAGE_STANDARD = "gnu++14";
				CLANG_CXX_LIBRARY = "libc++";
				CLANG_ENABLE_MODULES = YES;
				CLANG_ENABLE_OBJC_ARC = YES;
				CLANG_ENABLE_OBJC_WEAK = YES;
				CLANG_WARN_BLOCK_CAPTURE_AUTORELEASING = YES;
				CLANG_WARN_BOOL_CONVERSION = YES;
				CLANG_WARN_COMMA = YES;
				CLANG_WARN_CONSTANT_CONVERSION = YES;
				CLANG_WARN_DEPRECATED_OBJC_IMPLEMENTATIONS = YES;
				CLANG_WARN_DIRECT_OBJC_ISA_USAGE = YES_ERROR;
				CLANG_WARN_DOCUMENTATION_COMMENTS = YES;
				CLANG_WARN_EMPTY_BODY = YES;
				CLANG_WARN_ENUM_CONVERSION = YES;
				CLANG_WARN_INFINITE_RECURSION = YES;
				CLANG_WARN_INT_CONVERSION = YES;
				CLANG_WARN_NON_LITERAL_NULL_CONVERSION = YES;
				CLANG_WARN_OBJC_IMPLICIT_RETAIN_SELF = YES;
				CLANG_WARN_OBJC_LITERAL_CONVERSION = YES;
				CLANG_WARN_OBJC_ROOT_CLASS = YES_ERROR;
				CLANG_WARN_QUOTED_INCLUDE_IN_FRAMEWORK_HEADER = YES;
				CLANG_WARN_RANGE_LOOP_ANALYSIS = YES;
				CLANG_WARN_STRICT_PROTOTYPES = YES;
				CLANG_WARN_SUSPICIOUS_MOVE = YES;
				CLANG_WARN_UNGUARDED_AVAILABILITY = YES_AGGRESSIVE;
				CLANG_WARN_UNREACHABLE_CODE = YES;
				CLANG_WARN__DUPLICATE_METHOD_MATCH = YES;
				COPY_PHASE_STRIP = NO;
				DEBUG_INFORMATION_FORMAT = dwarf;
				ENABLE_STRICT_OBJC_MSGSEND = YES;
				ENABLE_TESTABILITY = YES;
				GCC_C_LANGUAGE_STANDARD = gnu11;
				GCC_DYNAMIC_NO_PIC = NO;
				GCC_NO_COMMON_BLOCKS = YES;
				GCC_OPTIMIZATION_LEVEL = 0;
				GCC_PREPROCESSOR_DEFINITIONS = (
					"DEBUG=1",
					"$(inherited)",
				);
				GCC_WARN_64_TO_32_BIT_CONVERSION = YES;
				GCC_WARN_ABOUT_RETURN_TYPE = YES_ERROR;
				GCC_WARN_UNDECLARED_SELECTOR = YES;
				GCC_WARN_UNINITIALIZED_AUTOS = YES_AGGRESSIVE;
				GCC_WARN_UNUSED_FUNCTION = YES;
				GCC_WARN_UNUSED_VARIABLE = YES;
				IPHONEOS_DEPLOYMENT_TARGET = 14.3;
				MTL_ENABLE_DEBUG_INFO = INCLUDE_SOURCE;
				MTL_FAST_MATH = YES;
				ONLY_ACTIVE_ARCH = YES;
				SDKROOT = iphoneos;
				SWIFT_ACTIVE_COMPILATION_CONDITIONS = DEBUG;
				SWIFT_OPTIMIZATION_LEVEL = "-Onone";
			};
			name = Debug;
		};
		252CC698256C53030031EB0F /* Release */ = {
			isa = XCBuildConfiguration;
			buildSettings = {
				ALWAYS_SEARCH_USER_PATHS = NO;
				CLANG_ANALYZER_NONNULL = YES;
				CLANG_ANALYZER_NUMBER_OBJECT_CONVERSION = YES_AGGRESSIVE;
				CLANG_CXX_LANGUAGE_STANDARD = "gnu++14";
				CLANG_CXX_LIBRARY = "libc++";
				CLANG_ENABLE_MODULES = YES;
				CLANG_ENABLE_OBJC_ARC = YES;
				CLANG_ENABLE_OBJC_WEAK = YES;
				CLANG_WARN_BLOCK_CAPTURE_AUTORELEASING = YES;
				CLANG_WARN_BOOL_CONVERSION = YES;
				CLANG_WARN_COMMA = YES;
				CLANG_WARN_CONSTANT_CONVERSION = YES;
				CLANG_WARN_DEPRECATED_OBJC_IMPLEMENTATIONS = YES;
				CLANG_WARN_DIRECT_OBJC_ISA_USAGE = YES_ERROR;
				CLANG_WARN_DOCUMENTATION_COMMENTS = YES;
				CLANG_WARN_EMPTY_BODY = YES;
				CLANG_WARN_ENUM_CONVERSION = YES;
				CLANG_WARN_INFINITE_RECURSION = YES;
				CLANG_WARN_INT_CONVERSION = YES;
				CLANG_WARN_NON_LITERAL_NULL_CONVERSION = YES;
				CLANG_WARN_OBJC_IMPLICIT_RETAIN_SELF = YES;
				CLANG_WARN_OBJC_LITERAL_CONVERSION = YES;
				CLANG_WARN_OBJC_ROOT_CLASS = YES_ERROR;
				CLANG_WARN_QUOTED_INCLUDE_IN_FRAMEWORK_HEADER = YES;
				CLANG_WARN_RANGE_LOOP_ANALYSIS = YES;
				CLANG_WARN_STRICT_PROTOTYPES = YES;
				CLANG_WARN_SUSPICIOUS_MOVE = YES;
				CLANG_WARN_UNGUARDED_AVAILABILITY = YES_AGGRESSIVE;
				CLANG_WARN_UNREACHABLE_CODE = YES;
				CLANG_WARN__DUPLICATE_METHOD_MATCH = YES;
				COPY_PHASE_STRIP = NO;
				DEBUG_INFORMATION_FORMAT = "dwarf-with-dsym";
				ENABLE_NS_ASSERTIONS = NO;
				ENABLE_STRICT_OBJC_MSGSEND = YES;
				GCC_C_LANGUAGE_STANDARD = gnu11;
				GCC_NO_COMMON_BLOCKS = YES;
				GCC_WARN_64_TO_32_BIT_CONVERSION = YES;
				GCC_WARN_ABOUT_RETURN_TYPE = YES_ERROR;
				GCC_WARN_UNDECLARED_SELECTOR = YES;
				GCC_WARN_UNINITIALIZED_AUTOS = YES_AGGRESSIVE;
				GCC_WARN_UNUSED_FUNCTION = YES;
				GCC_WARN_UNUSED_VARIABLE = YES;
				IPHONEOS_DEPLOYMENT_TARGET = 14.3;
				MTL_ENABLE_DEBUG_INFO = NO;
				MTL_FAST_MATH = YES;
				SDKROOT = iphoneos;
				SWIFT_COMPILATION_MODE = wholemodule;
				SWIFT_OPTIMIZATION_LEVEL = "-O";
				VALIDATE_PRODUCT = YES;
			};
			name = Release;
		};
		252CC69A256C53030031EB0F /* Debug */ = {
			isa = XCBuildConfiguration;
			baseConfigurationReference = 07F72BB7EC71C33D37D36A07 /* Pods-Pokemon.debug.xcconfig */;
			buildSettings = {
				ASSETCATALOG_COMPILER_APPICON_NAME = AppIcon;
				ASSETCATALOG_COMPILER_GLOBAL_ACCENT_COLOR_NAME = AccentColor;
				CODE_SIGN_STYLE = Automatic;
				INFOPLIST_FILE = Pokemon/Info.plist;
				IPHONEOS_DEPLOYMENT_TARGET = 11.0;
				LD_RUNPATH_SEARCH_PATHS = (
					"$(inherited)",
					"@executable_path/Frameworks",
				);
				PRODUCT_BUNDLE_IDENTIFIER = com.fabio.cuomo.Pokemon;
				PRODUCT_NAME = "$(TARGET_NAME)";
				SWIFT_VERSION = 5.0;
				TARGETED_DEVICE_FAMILY = 1;
			};
			name = Debug;
		};
		252CC69B256C53030031EB0F /* Release */ = {
			isa = XCBuildConfiguration;
			baseConfigurationReference = DE36AEB269BA7AA306D38AFB /* Pods-Pokemon.release.xcconfig */;
			buildSettings = {
				ASSETCATALOG_COMPILER_APPICON_NAME = AppIcon;
				ASSETCATALOG_COMPILER_GLOBAL_ACCENT_COLOR_NAME = AccentColor;
				CODE_SIGN_STYLE = Automatic;
				INFOPLIST_FILE = Pokemon/Info.plist;
				IPHONEOS_DEPLOYMENT_TARGET = 11.0;
				LD_RUNPATH_SEARCH_PATHS = (
					"$(inherited)",
					"@executable_path/Frameworks",
				);
				PRODUCT_BUNDLE_IDENTIFIER = com.fabio.cuomo.Pokemon;
				PRODUCT_NAME = "$(TARGET_NAME)";
				SWIFT_VERSION = 5.0;
				TARGETED_DEVICE_FAMILY = 1;
			};
			name = Release;
		};
		252CC69D256C53030031EB0F /* Debug */ = {
			isa = XCBuildConfiguration;
			baseConfigurationReference = ADC3F49008C32F550AAA97B8 /* Pods-PokemonTests.debug.xcconfig */;
			buildSettings = {
				ALWAYS_EMBED_SWIFT_STANDARD_LIBRARIES = YES;
				BUNDLE_LOADER = "$(TEST_HOST)";
				CODE_SIGN_STYLE = Automatic;
				INFOPLIST_FILE = PokemonTests/Info.plist;
				IPHONEOS_DEPLOYMENT_TARGET = 14.3;
				LD_RUNPATH_SEARCH_PATHS = (
					"$(inherited)",
					"@executable_path/Frameworks",
					"@loader_path/Frameworks",
				);
				PRODUCT_BUNDLE_IDENTIFIER = com.fabio.cuomo.PokemonTests;
				PRODUCT_NAME = "$(TARGET_NAME)";
				SWIFT_VERSION = 5.0;
				TARGETED_DEVICE_FAMILY = "1,2";
				TEST_HOST = "$(BUILT_PRODUCTS_DIR)/Pokemon.app/Pokemon";
			};
			name = Debug;
		};
		252CC69E256C53030031EB0F /* Release */ = {
			isa = XCBuildConfiguration;
			baseConfigurationReference = 79FE03FB8081D521E3E1C306 /* Pods-PokemonTests.release.xcconfig */;
			buildSettings = {
				ALWAYS_EMBED_SWIFT_STANDARD_LIBRARIES = YES;
				BUNDLE_LOADER = "$(TEST_HOST)";
				CODE_SIGN_STYLE = Automatic;
				INFOPLIST_FILE = PokemonTests/Info.plist;
				IPHONEOS_DEPLOYMENT_TARGET = 14.3;
				LD_RUNPATH_SEARCH_PATHS = (
					"$(inherited)",
					"@executable_path/Frameworks",
					"@loader_path/Frameworks",
				);
				PRODUCT_BUNDLE_IDENTIFIER = com.fabio.cuomo.PokemonTests;
				PRODUCT_NAME = "$(TARGET_NAME)";
				SWIFT_VERSION = 5.0;
				TARGETED_DEVICE_FAMILY = "1,2";
				TEST_HOST = "$(BUILT_PRODUCTS_DIR)/Pokemon.app/Pokemon";
			};
			name = Release;
		};
/* End XCBuildConfiguration section */

/* Begin XCConfigurationList section */
		252CC66A256C53010031EB0F /* Build configuration list for PBXProject "Pokemon" */ = {
			isa = XCConfigurationList;
			buildConfigurations = (
				252CC697256C53030031EB0F /* Debug */,
				252CC698256C53030031EB0F /* Release */,
			);
			defaultConfigurationIsVisible = 0;
			defaultConfigurationName = Release;
		};
		252CC699256C53030031EB0F /* Build configuration list for PBXNativeTarget "Pokemon" */ = {
			isa = XCConfigurationList;
			buildConfigurations = (
				252CC69A256C53030031EB0F /* Debug */,
				252CC69B256C53030031EB0F /* Release */,
			);
			defaultConfigurationIsVisible = 0;
			defaultConfigurationName = Release;
		};
		252CC69C256C53030031EB0F /* Build configuration list for PBXNativeTarget "PokemonTests" */ = {
			isa = XCConfigurationList;
			buildConfigurations = (
				252CC69D256C53030031EB0F /* Debug */,
				252CC69E256C53030031EB0F /* Release */,
			);
			defaultConfigurationIsVisible = 0;
			defaultConfigurationName = Release;
		};
/* End XCConfigurationList section */
	};
	rootObject = 252CC667256C53010031EB0F /* Project object */;
}
